=== RUN   TestTerraformRBACExample
TestTerraformRBACExample 2022-03-31T04:39:57Z retry.go:91: terraform [init -upgrade=false]
TestTerraformRBACExample 2022-03-31T04:39:57Z logger.go:66: Running command terraform with args [init -upgrade=false]
TestTerraformRBACExample 2022-03-31T04:39:57Z logger.go:66: [0m[1mInitializing modules...[0m
TestTerraformRBACExample 2022-03-31T04:39:58Z logger.go:66:
TestTerraformRBACExample 2022-03-31T04:39:58Z logger.go:66: [0m[1mInitializing the backend...[0m
TestTerraformRBACExample 2022-03-31T04:39:58Z logger.go:66:
TestTerraformRBACExample 2022-03-31T04:39:58Z logger.go:66: [0m[1mInitializing provider plugins...[0m
TestTerraformRBACExample 2022-03-31T04:39:58Z logger.go:66: - Reusing previous version of hashicorp/kubernetes from the dependency lock file
TestTerraformRBACExample 2022-03-31T04:39:58Z logger.go:66: - Using previously-installed hashicorp/kubernetes v2.9.0
TestTerraformRBACExample 2022-03-31T04:39:58Z logger.go:66:
TestTerraformRBACExample 2022-03-31T04:39:58Z logger.go:66: [0m[1m[32mTerraform has been successfully initialized![0m[32m[0m
TestTerraformRBACExample 2022-03-31T04:39:58Z logger.go:66: [0m[32m
TestTerraformRBACExample 2022-03-31T04:39:58Z logger.go:66: You may now begin working with Terraform. Try running "terraform plan" to see
TestTerraformRBACExample 2022-03-31T04:39:58Z logger.go:66: any changes that are required for your infrastructure. All Terraform commands
TestTerraformRBACExample 2022-03-31T04:39:58Z logger.go:66: should now work.
TestTerraformRBACExample 2022-03-31T04:39:58Z logger.go:66:
TestTerraformRBACExample 2022-03-31T04:39:58Z logger.go:66: If you ever set or change modules or backend configuration for Terraform,
TestTerraformRBACExample 2022-03-31T04:39:58Z logger.go:66: rerun this command to reinitialize your working directory. If you forget, other
TestTerraformRBACExample 2022-03-31T04:39:58Z logger.go:66: commands will detect it and remind you to do so if necessary.[0m
TestTerraformRBACExample 2022-03-31T04:39:58Z retry.go:91: terraform [apply -input=false -auto-approve -no-color -lock=false]
TestTerraformRBACExample 2022-03-31T04:39:58Z logger.go:66: Running command terraform with args [apply -input=false -auto-approve -no-color -lock=false]
TestTerraformRBACExample 2022-03-31T04:40:01Z logger.go:66:
TestTerraformRBACExample 2022-03-31T04:40:01Z logger.go:66: Terraform used the selected providers to generate the following execution
TestTerraformRBACExample 2022-03-31T04:40:01Z logger.go:66: plan. Resource actions are indicated with the following symbols:
TestTerraformRBACExample 2022-03-31T04:40:01Z logger.go:66:   + create
TestTerraformRBACExample 2022-03-31T04:40:01Z logger.go:66:
TestTerraformRBACExample 2022-03-31T04:40:01Z logger.go:66: Terraform will perform the following actions:
TestTerraformRBACExample 2022-03-31T04:40:01Z logger.go:66:
TestTerraformRBACExample 2022-03-31T04:40:01Z logger.go:66:   # kubernetes_namespace.development will be created
TestTerraformRBACExample 2022-03-31T04:40:01Z logger.go:66:   + resource "kubernetes_namespace" "development" {
TestTerraformRBACExample 2022-03-31T04:40:01Z logger.go:66:       + id = (known after apply)
TestTerraformRBACExample 2022-03-31T04:40:01Z logger.go:66:
TestTerraformRBACExample 2022-03-31T04:40:01Z logger.go:66:       + metadata {
TestTerraformRBACExample 2022-03-31T04:40:01Z logger.go:66:           + generation       = (known after apply)
TestTerraformRBACExample 2022-03-31T04:40:01Z logger.go:66:           + labels           = {
TestTerraformRBACExample 2022-03-31T04:40:01Z logger.go:66:               + "app.kubernetes.io/managed-by" = "Terraform"
TestTerraformRBACExample 2022-03-31T04:40:01Z logger.go:66:               + "terraform-example"            = "ex-rbac"
TestTerraformRBACExample 2022-03-31T04:40:01Z logger.go:66:               + "terraform.io/module"          = "terraform-kubernetes-rbac"
TestTerraformRBACExample 2022-03-31T04:40:01Z logger.go:66:             }
TestTerraformRBACExample 2022-03-31T04:40:01Z logger.go:66:           + name             = "development"
TestTerraformRBACExample 2022-03-31T04:40:01Z logger.go:66:           + resource_version = (known after apply)
TestTerraformRBACExample 2022-03-31T04:40:01Z logger.go:66:           + uid              = (known after apply)
TestTerraformRBACExample 2022-03-31T04:40:01Z logger.go:66:         }
TestTerraformRBACExample 2022-03-31T04:40:01Z logger.go:66:     }
TestTerraformRBACExample 2022-03-31T04:40:01Z logger.go:66:
TestTerraformRBACExample 2022-03-31T04:40:01Z logger.go:66:   # module.pre_existing.module.cluster_roles["cluster-admin"].kubernetes_cluster_role_binding_v1.crb[0] will be created
TestTerraformRBACExample 2022-03-31T04:40:01Z logger.go:66:   + resource "kubernetes_cluster_role_binding_v1" "crb" {
TestTerraformRBACExample 2022-03-31T04:40:01Z logger.go:66:       + id = (known after apply)
TestTerraformRBACExample 2022-03-31T04:40:01Z logger.go:66:
TestTerraformRBACExample 2022-03-31T04:40:01Z logger.go:66:       + metadata {
TestTerraformRBACExample 2022-03-31T04:40:01Z logger.go:66:           + generation       = (known after apply)
TestTerraformRBACExample 2022-03-31T04:40:01Z logger.go:66:           + name             = "cluster-admin-global"
TestTerraformRBACExample 2022-03-31T04:40:01Z logger.go:66:           + resource_version = (known after apply)
TestTerraformRBACExample 2022-03-31T04:40:01Z logger.go:66:           + uid              = (known after apply)
TestTerraformRBACExample 2022-03-31T04:40:01Z logger.go:66:         }
TestTerraformRBACExample 2022-03-31T04:40:01Z logger.go:66:
TestTerraformRBACExample 2022-03-31T04:40:01Z logger.go:66:       + role_ref {
TestTerraformRBACExample 2022-03-31T04:40:01Z logger.go:66:           + api_group = "rbac.authorization.k8s.io"
TestTerraformRBACExample 2022-03-31T04:40:01Z logger.go:66:           + kind      = "ClusterRole"
TestTerraformRBACExample 2022-03-31T04:40:01Z logger.go:66:           + name      = "cluster-admin"
TestTerraformRBACExample 2022-03-31T04:40:01Z logger.go:66:         }
TestTerraformRBACExample 2022-03-31T04:40:01Z logger.go:66:
TestTerraformRBACExample 2022-03-31T04:40:01Z logger.go:66:       + subject {
TestTerraformRBACExample 2022-03-31T04:40:01Z logger.go:66:           + api_group = "rbac.authorization.k8s.io"
TestTerraformRBACExample 2022-03-31T04:40:01Z logger.go:66:           + kind      = "User"
TestTerraformRBACExample 2022-03-31T04:40:01Z logger.go:66:           + name      = "bob"
TestTerraformRBACExample 2022-03-31T04:40:01Z logger.go:66:           + namespace = "default"
TestTerraformRBACExample 2022-03-31T04:40:01Z logger.go:66:         }
TestTerraformRBACExample 2022-03-31T04:40:01Z logger.go:66:     }
TestTerraformRBACExample 2022-03-31T04:40:01Z logger.go:66:
TestTerraformRBACExample 2022-03-31T04:40:01Z logger.go:66:   # module.rbac.module.cluster_roles["secret-reader"].kubernetes_cluster_role_v1.cr[0] will be created
TestTerraformRBACExample 2022-03-31T04:40:01Z logger.go:66:   + resource "kubernetes_cluster_role_v1" "cr" {
TestTerraformRBACExample 2022-03-31T04:40:01Z logger.go:66:       + id = (known after apply)
TestTerraformRBACExample 2022-03-31T04:40:01Z logger.go:66:
TestTerraformRBACExample 2022-03-31T04:40:01Z logger.go:66:       + metadata {
TestTerraformRBACExample 2022-03-31T04:40:01Z logger.go:66:           + generation       = (known after apply)
TestTerraformRBACExample 2022-03-31T04:40:01Z logger.go:66:           + labels           = {
TestTerraformRBACExample 2022-03-31T04:40:01Z logger.go:66:               + "app.kubernetes.io/managed-by" = "Terraform"
TestTerraformRBACExample 2022-03-31T04:40:01Z logger.go:66:               + "terraform-example"            = "ex-rbac"
TestTerraformRBACExample 2022-03-31T04:40:01Z logger.go:66:               + "terraform.io/module"          = "terraform-kubernetes-rbac"
TestTerraformRBACExample 2022-03-31T04:40:01Z logger.go:66:             }
TestTerraformRBACExample 2022-03-31T04:40:01Z logger.go:66:           + name             = "secret-reader"
TestTerraformRBACExample 2022-03-31T04:40:01Z logger.go:66:           + resource_version = (known after apply)
TestTerraformRBACExample 2022-03-31T04:40:01Z logger.go:66:           + uid              = (known after apply)
TestTerraformRBACExample 2022-03-31T04:40:01Z logger.go:66:         }
TestTerraformRBACExample 2022-03-31T04:40:01Z logger.go:66:
TestTerraformRBACExample 2022-03-31T04:40:01Z logger.go:66:       + rule {
TestTerraformRBACExample 2022-03-31T04:40:01Z logger.go:66:           + api_groups = [
TestTerraformRBACExample 2022-03-31T04:40:01Z logger.go:66:               + "",
TestTerraformRBACExample 2022-03-31T04:40:01Z logger.go:66:             ]
TestTerraformRBACExample 2022-03-31T04:40:01Z logger.go:66:           + resources  = [
TestTerraformRBACExample 2022-03-31T04:40:01Z logger.go:66:               + "secrets",
TestTerraformRBACExample 2022-03-31T04:40:01Z logger.go:66:             ]
TestTerraformRBACExample 2022-03-31T04:40:01Z logger.go:66:           + verbs      = [
TestTerraformRBACExample 2022-03-31T04:40:01Z logger.go:66:               + "get",
TestTerraformRBACExample 2022-03-31T04:40:01Z logger.go:66:               + "watch",
TestTerraformRBACExample 2022-03-31T04:40:01Z logger.go:66:               + "list",
TestTerraformRBACExample 2022-03-31T04:40:01Z logger.go:66:             ]
TestTerraformRBACExample 2022-03-31T04:40:01Z logger.go:66:         }
TestTerraformRBACExample 2022-03-31T04:40:01Z logger.go:66:     }
TestTerraformRBACExample 2022-03-31T04:40:01Z logger.go:66:
TestTerraformRBACExample 2022-03-31T04:40:01Z logger.go:66:   # module.rbac.module.cluster_roles["secret-reader"].kubernetes_role_binding_v1.rb[0] will be created
TestTerraformRBACExample 2022-03-31T04:40:01Z logger.go:66:   + resource "kubernetes_role_binding_v1" "rb" {
TestTerraformRBACExample 2022-03-31T04:40:01Z logger.go:66:       + id = (known after apply)
TestTerraformRBACExample 2022-03-31T04:40:01Z logger.go:66:
TestTerraformRBACExample 2022-03-31T04:40:01Z logger.go:66:       + metadata {
TestTerraformRBACExample 2022-03-31T04:40:01Z logger.go:66:           + generation       = (known after apply)
TestTerraformRBACExample 2022-03-31T04:40:01Z logger.go:66:           + labels           = {
TestTerraformRBACExample 2022-03-31T04:40:01Z logger.go:66:               + "app.kubernetes.io/managed-by" = "Terraform"
TestTerraformRBACExample 2022-03-31T04:40:01Z logger.go:66:               + "terraform-example"            = "ex-rbac"
TestTerraformRBACExample 2022-03-31T04:40:01Z logger.go:66:               + "terraform.io/module"          = "terraform-kubernetes-rbac"
TestTerraformRBACExample 2022-03-31T04:40:01Z logger.go:66:             }
TestTerraformRBACExample 2022-03-31T04:40:01Z logger.go:66:           + name             = "read-secret"
TestTerraformRBACExample 2022-03-31T04:40:01Z logger.go:66:           + namespace        = "development"
TestTerraformRBACExample 2022-03-31T04:40:01Z logger.go:66:           + resource_version = (known after apply)
TestTerraformRBACExample 2022-03-31T04:40:01Z logger.go:66:           + uid              = (known after apply)
TestTerraformRBACExample 2022-03-31T04:40:01Z logger.go:66:         }
TestTerraformRBACExample 2022-03-31T04:40:01Z logger.go:66:
TestTerraformRBACExample 2022-03-31T04:40:01Z logger.go:66:       + role_ref {
TestTerraformRBACExample 2022-03-31T04:40:01Z logger.go:66:           + api_group = "rbac.authorization.k8s.io"
TestTerraformRBACExample 2022-03-31T04:40:01Z logger.go:66:           + kind      = "ClusterRole"
TestTerraformRBACExample 2022-03-31T04:40:01Z logger.go:66:           + name      = "secret-reader"
TestTerraformRBACExample 2022-03-31T04:40:01Z logger.go:66:         }
TestTerraformRBACExample 2022-03-31T04:40:01Z logger.go:66:
TestTerraformRBACExample 2022-03-31T04:40:01Z logger.go:66:       + subject {
TestTerraformRBACExample 2022-03-31T04:40:01Z logger.go:66:           + api_group = "rbac.authorization.k8s.io"
TestTerraformRBACExample 2022-03-31T04:40:01Z logger.go:66:           + kind      = "User"
TestTerraformRBACExample 2022-03-31T04:40:01Z logger.go:66:           + name      = "dave"
TestTerraformRBACExample 2022-03-31T04:40:01Z logger.go:66:           + namespace = "development"
TestTerraformRBACExample 2022-03-31T04:40:01Z logger.go:66:         }
TestTerraformRBACExample 2022-03-31T04:40:01Z logger.go:66:     }
TestTerraformRBACExample 2022-03-31T04:40:01Z logger.go:66:
TestTerraformRBACExample 2022-03-31T04:40:01Z logger.go:66:   # module.rbac.module.cluster_roles["secret-reader-global"].kubernetes_cluster_role_binding_v1.crb[0] will be created
TestTerraformRBACExample 2022-03-31T04:40:01Z logger.go:66:   + resource "kubernetes_cluster_role_binding_v1" "crb" {
TestTerraformRBACExample 2022-03-31T04:40:01Z logger.go:66:       + id = (known after apply)
TestTerraformRBACExample 2022-03-31T04:40:01Z logger.go:66:
TestTerraformRBACExample 2022-03-31T04:40:01Z logger.go:66:       + metadata {
TestTerraformRBACExample 2022-03-31T04:40:01Z logger.go:66:           + generation       = (known after apply)
TestTerraformRBACExample 2022-03-31T04:40:01Z logger.go:66:           + labels           = {
TestTerraformRBACExample 2022-03-31T04:40:01Z logger.go:66:               + "app.kubernetes.io/managed-by" = "Terraform"
TestTerraformRBACExample 2022-03-31T04:40:01Z logger.go:66:               + "terraform-example"            = "ex-rbac"
TestTerraformRBACExample 2022-03-31T04:40:01Z logger.go:66:               + "terraform.io/module"          = "terraform-kubernetes-rbac"
TestTerraformRBACExample 2022-03-31T04:40:01Z logger.go:66:             }
TestTerraformRBACExample 2022-03-31T04:40:01Z logger.go:66:           + name             = "read-secrets-global"
TestTerraformRBACExample 2022-03-31T04:40:01Z logger.go:66:           + resource_version = (known after apply)
TestTerraformRBACExample 2022-03-31T04:40:01Z logger.go:66:           + uid              = (known after apply)
TestTerraformRBACExample 2022-03-31T04:40:01Z logger.go:66:         }
TestTerraformRBACExample 2022-03-31T04:40:01Z logger.go:66:
TestTerraformRBACExample 2022-03-31T04:40:01Z logger.go:66:       + role_ref {
TestTerraformRBACExample 2022-03-31T04:40:01Z logger.go:66:           + api_group = "rbac.authorization.k8s.io"
TestTerraformRBACExample 2022-03-31T04:40:01Z logger.go:66:           + kind      = "ClusterRole"
TestTerraformRBACExample 2022-03-31T04:40:01Z logger.go:66:           + name      = "secret-reader-global"
TestTerraformRBACExample 2022-03-31T04:40:01Z logger.go:66:         }
TestTerraformRBACExample 2022-03-31T04:40:01Z logger.go:66:
TestTerraformRBACExample 2022-03-31T04:40:01Z logger.go:66:       + subject {
TestTerraformRBACExample 2022-03-31T04:40:01Z logger.go:66:           + api_group = "rbac.authorization.k8s.io"
TestTerraformRBACExample 2022-03-31T04:40:01Z logger.go:66:           + kind      = "Group"
TestTerraformRBACExample 2022-03-31T04:40:01Z logger.go:66:           + name      = "manager"
TestTerraformRBACExample 2022-03-31T04:40:01Z logger.go:66:           + namespace = "default"
TestTerraformRBACExample 2022-03-31T04:40:01Z logger.go:66:         }
TestTerraformRBACExample 2022-03-31T04:40:01Z logger.go:66:     }
TestTerraformRBACExample 2022-03-31T04:40:01Z logger.go:66:
TestTerraformRBACExample 2022-03-31T04:40:01Z logger.go:66:   # module.rbac.module.cluster_roles["secret-reader-global"].kubernetes_cluster_role_v1.cr[0] will be created
TestTerraformRBACExample 2022-03-31T04:40:01Z logger.go:66:   + resource "kubernetes_cluster_role_v1" "cr" {
TestTerraformRBACExample 2022-03-31T04:40:01Z logger.go:66:       + id = (known after apply)
TestTerraformRBACExample 2022-03-31T04:40:01Z logger.go:66:
TestTerraformRBACExample 2022-03-31T04:40:01Z logger.go:66:       + metadata {
TestTerraformRBACExample 2022-03-31T04:40:01Z logger.go:66:           + generation       = (known after apply)
TestTerraformRBACExample 2022-03-31T04:40:01Z logger.go:66:           + labels           = {
TestTerraformRBACExample 2022-03-31T04:40:01Z logger.go:66:               + "app.kubernetes.io/managed-by" = "Terraform"
TestTerraformRBACExample 2022-03-31T04:40:01Z logger.go:66:               + "terraform-example"            = "ex-rbac"
TestTerraformRBACExample 2022-03-31T04:40:01Z logger.go:66:               + "terraform.io/module"          = "terraform-kubernetes-rbac"
TestTerraformRBACExample 2022-03-31T04:40:01Z logger.go:66:             }
TestTerraformRBACExample 2022-03-31T04:40:01Z logger.go:66:           + name             = "secret-reader-global"
TestTerraformRBACExample 2022-03-31T04:40:01Z logger.go:66:           + resource_version = (known after apply)
TestTerraformRBACExample 2022-03-31T04:40:01Z logger.go:66:           + uid              = (known after apply)
TestTerraformRBACExample 2022-03-31T04:40:01Z logger.go:66:         }
TestTerraformRBACExample 2022-03-31T04:40:01Z logger.go:66:
TestTerraformRBACExample 2022-03-31T04:40:01Z logger.go:66:       + rule {
TestTerraformRBACExample 2022-03-31T04:40:01Z logger.go:66:           + api_groups = [
TestTerraformRBACExample 2022-03-31T04:40:01Z logger.go:66:               + "",
TestTerraformRBACExample 2022-03-31T04:40:01Z logger.go:66:             ]
TestTerraformRBACExample 2022-03-31T04:40:01Z logger.go:66:           + resources  = [
TestTerraformRBACExample 2022-03-31T04:40:01Z logger.go:66:               + "secrets",
TestTerraformRBACExample 2022-03-31T04:40:01Z logger.go:66:             ]
TestTerraformRBACExample 2022-03-31T04:40:01Z logger.go:66:           + verbs      = [
TestTerraformRBACExample 2022-03-31T04:40:01Z logger.go:66:               + "get",
TestTerraformRBACExample 2022-03-31T04:40:01Z logger.go:66:               + "watch",
TestTerraformRBACExample 2022-03-31T04:40:01Z logger.go:66:               + "list",
TestTerraformRBACExample 2022-03-31T04:40:01Z logger.go:66:             ]
TestTerraformRBACExample 2022-03-31T04:40:01Z logger.go:66:         }
TestTerraformRBACExample 2022-03-31T04:40:01Z logger.go:66:     }
TestTerraformRBACExample 2022-03-31T04:40:01Z logger.go:66:
TestTerraformRBACExample 2022-03-31T04:40:01Z logger.go:66:   # module.rbac.module.roles["pod-reader"].kubernetes_role_binding_v1.rb[0] will be created
TestTerraformRBACExample 2022-03-31T04:40:01Z logger.go:66:   + resource "kubernetes_role_binding_v1" "rb" {
TestTerraformRBACExample 2022-03-31T04:40:01Z logger.go:66:       + id = (known after apply)
TestTerraformRBACExample 2022-03-31T04:40:01Z logger.go:66:
TestTerraformRBACExample 2022-03-31T04:40:01Z logger.go:66:       + metadata {
TestTerraformRBACExample 2022-03-31T04:40:01Z logger.go:66:           + generation       = (known after apply)
TestTerraformRBACExample 2022-03-31T04:40:01Z logger.go:66:           + labels           = {
TestTerraformRBACExample 2022-03-31T04:40:01Z logger.go:66:               + "app.kubernetes.io/managed-by" = "Terraform"
TestTerraformRBACExample 2022-03-31T04:40:01Z logger.go:66:               + "terraform-example"            = "ex-rbac"
TestTerraformRBACExample 2022-03-31T04:40:01Z logger.go:66:               + "terraform.io/module"          = "terraform-kubernetes-rbac"
TestTerraformRBACExample 2022-03-31T04:40:01Z logger.go:66:             }
TestTerraformRBACExample 2022-03-31T04:40:01Z logger.go:66:           + name             = "read-pods"
TestTerraformRBACExample 2022-03-31T04:40:01Z logger.go:66:           + namespace        = "default"
TestTerraformRBACExample 2022-03-31T04:40:01Z logger.go:66:           + resource_version = (known after apply)
TestTerraformRBACExample 2022-03-31T04:40:01Z logger.go:66:           + uid              = (known after apply)
TestTerraformRBACExample 2022-03-31T04:40:01Z logger.go:66:         }
TestTerraformRBACExample 2022-03-31T04:40:01Z logger.go:66:
TestTerraformRBACExample 2022-03-31T04:40:01Z logger.go:66:       + role_ref {
TestTerraformRBACExample 2022-03-31T04:40:01Z logger.go:66:           + api_group = "rbac.authorization.k8s.io"
TestTerraformRBACExample 2022-03-31T04:40:01Z logger.go:66:           + kind      = "Role"
TestTerraformRBACExample 2022-03-31T04:40:01Z logger.go:66:           + name      = "pod-reader"
TestTerraformRBACExample 2022-03-31T04:40:01Z logger.go:66:         }
TestTerraformRBACExample 2022-03-31T04:40:01Z logger.go:66:
TestTerraformRBACExample 2022-03-31T04:40:01Z logger.go:66:       + subject {
TestTerraformRBACExample 2022-03-31T04:40:01Z logger.go:66:           + api_group = "rbac.authorization.k8s.io"
TestTerraformRBACExample 2022-03-31T04:40:01Z logger.go:66:           + kind      = "User"
TestTerraformRBACExample 2022-03-31T04:40:01Z logger.go:66:           + name      = "jane"
TestTerraformRBACExample 2022-03-31T04:40:01Z logger.go:66:           + namespace = "default"
TestTerraformRBACExample 2022-03-31T04:40:01Z logger.go:66:         }
TestTerraformRBACExample 2022-03-31T04:40:01Z logger.go:66:     }
TestTerraformRBACExample 2022-03-31T04:40:01Z logger.go:66:
TestTerraformRBACExample 2022-03-31T04:40:01Z logger.go:66:   # module.rbac.module.roles["pod-reader"].kubernetes_role_v1.r[0] will be created
TestTerraformRBACExample 2022-03-31T04:40:01Z logger.go:66:   + resource "kubernetes_role_v1" "r" {
TestTerraformRBACExample 2022-03-31T04:40:01Z logger.go:66:       + id = (known after apply)
TestTerraformRBACExample 2022-03-31T04:40:01Z logger.go:66:
TestTerraformRBACExample 2022-03-31T04:40:01Z logger.go:66:       + metadata {
TestTerraformRBACExample 2022-03-31T04:40:01Z logger.go:66:           + generation       = (known after apply)
TestTerraformRBACExample 2022-03-31T04:40:01Z logger.go:66:           + labels           = {
TestTerraformRBACExample 2022-03-31T04:40:01Z logger.go:66:               + "app.kubernetes.io/managed-by" = "Terraform"
TestTerraformRBACExample 2022-03-31T04:40:01Z logger.go:66:               + "terraform-example"            = "ex-rbac"
TestTerraformRBACExample 2022-03-31T04:40:01Z logger.go:66:               + "terraform.io/module"          = "terraform-kubernetes-rbac"
TestTerraformRBACExample 2022-03-31T04:40:01Z logger.go:66:             }
TestTerraformRBACExample 2022-03-31T04:40:01Z logger.go:66:           + name             = "pod-reader"
TestTerraformRBACExample 2022-03-31T04:40:01Z logger.go:66:           + namespace        = "default"
TestTerraformRBACExample 2022-03-31T04:40:01Z logger.go:66:           + resource_version = (known after apply)
TestTerraformRBACExample 2022-03-31T04:40:01Z logger.go:66:           + uid              = (known after apply)
TestTerraformRBACExample 2022-03-31T04:40:01Z logger.go:66:         }
TestTerraformRBACExample 2022-03-31T04:40:01Z logger.go:66:
TestTerraformRBACExample 2022-03-31T04:40:01Z logger.go:66:       + rule {
TestTerraformRBACExample 2022-03-31T04:40:01Z logger.go:66:           + api_groups = [
TestTerraformRBACExample 2022-03-31T04:40:01Z logger.go:66:               + "",
TestTerraformRBACExample 2022-03-31T04:40:01Z logger.go:66:             ]
TestTerraformRBACExample 2022-03-31T04:40:01Z logger.go:66:           + resources  = [
TestTerraformRBACExample 2022-03-31T04:40:01Z logger.go:66:               + "pods",
TestTerraformRBACExample 2022-03-31T04:40:01Z logger.go:66:             ]
TestTerraformRBACExample 2022-03-31T04:40:01Z logger.go:66:           + verbs      = [
TestTerraformRBACExample 2022-03-31T04:40:01Z logger.go:66:               + "get",
TestTerraformRBACExample 2022-03-31T04:40:01Z logger.go:66:               + "list",
TestTerraformRBACExample 2022-03-31T04:40:01Z logger.go:66:               + "watch",
TestTerraformRBACExample 2022-03-31T04:40:01Z logger.go:66:             ]
TestTerraformRBACExample 2022-03-31T04:40:01Z logger.go:66:         }
TestTerraformRBACExample 2022-03-31T04:40:01Z logger.go:66:     }
TestTerraformRBACExample 2022-03-31T04:40:01Z logger.go:66:
TestTerraformRBACExample 2022-03-31T04:40:01Z logger.go:66: Plan: 8 to add, 0 to change, 0 to destroy.
TestTerraformRBACExample 2022-03-31T04:40:01Z logger.go:66:
TestTerraformRBACExample 2022-03-31T04:40:01Z logger.go:66: Changes to Outputs:
TestTerraformRBACExample 2022-03-31T04:40:01Z logger.go:66:   + cluster_admin        = {
TestTerraformRBACExample 2022-03-31T04:40:01Z logger.go:66:       + cluster_role_binding_name = "cluster-admin-global"
TestTerraformRBACExample 2022-03-31T04:40:01Z logger.go:66:       + cluster_role_name         = "cluster-admin"
TestTerraformRBACExample 2022-03-31T04:40:01Z logger.go:66:       + role_binding_name         = null
TestTerraformRBACExample 2022-03-31T04:40:01Z logger.go:66:       + role_binding_namespace    = null
TestTerraformRBACExample 2022-03-31T04:40:01Z logger.go:66:       + role_name                 = null
TestTerraformRBACExample 2022-03-31T04:40:01Z logger.go:66:       + role_namespace            = null
TestTerraformRBACExample 2022-03-31T04:40:01Z logger.go:66:     }
TestTerraformRBACExample 2022-03-31T04:40:01Z logger.go:66:   + pod_reader           = {
TestTerraformRBACExample 2022-03-31T04:40:01Z logger.go:66:       + cluster_role_binding_name = null
TestTerraformRBACExample 2022-03-31T04:40:01Z logger.go:66:       + cluster_role_name         = null
TestTerraformRBACExample 2022-03-31T04:40:01Z logger.go:66:       + role_binding_name         = "read-pods"
TestTerraformRBACExample 2022-03-31T04:40:01Z logger.go:66:       + role_binding_namespace    = "default"
TestTerraformRBACExample 2022-03-31T04:40:01Z logger.go:66:       + role_name                 = "pod-reader"
TestTerraformRBACExample 2022-03-31T04:40:01Z logger.go:66:       + role_namespace            = "default"
TestTerraformRBACExample 2022-03-31T04:40:01Z logger.go:66:     }
TestTerraformRBACExample 2022-03-31T04:40:01Z logger.go:66:   + secret_reader        = {
TestTerraformRBACExample 2022-03-31T04:40:01Z logger.go:66:       + cluster_role_binding_name = null
TestTerraformRBACExample 2022-03-31T04:40:01Z logger.go:66:       + cluster_role_name         = "secret-reader"
TestTerraformRBACExample 2022-03-31T04:40:01Z logger.go:66:       + role_binding_name         = "read-secret"
TestTerraformRBACExample 2022-03-31T04:40:01Z logger.go:66:       + role_binding_namespace    = "development"
TestTerraformRBACExample 2022-03-31T04:40:01Z logger.go:66:       + role_name                 = null
TestTerraformRBACExample 2022-03-31T04:40:01Z logger.go:66:       + role_namespace            = null
TestTerraformRBACExample 2022-03-31T04:40:01Z logger.go:66:     }
TestTerraformRBACExample 2022-03-31T04:40:01Z logger.go:66:   + secret_reader_global = {
TestTerraformRBACExample 2022-03-31T04:40:01Z logger.go:66:       + cluster_role_binding_name = "read-secrets-global"
TestTerraformRBACExample 2022-03-31T04:40:01Z logger.go:66:       + cluster_role_name         = "secret-reader-global"
TestTerraformRBACExample 2022-03-31T04:40:01Z logger.go:66:       + role_binding_name         = null
TestTerraformRBACExample 2022-03-31T04:40:01Z logger.go:66:       + role_binding_namespace    = null
TestTerraformRBACExample 2022-03-31T04:40:01Z logger.go:66:       + role_name                 = null
TestTerraformRBACExample 2022-03-31T04:40:01Z logger.go:66:       + role_namespace            = null
TestTerraformRBACExample 2022-03-31T04:40:01Z logger.go:66:     }
TestTerraformRBACExample 2022-03-31T04:40:02Z logger.go:66: module.rbac.module.roles["pod-reader"].kubernetes_role_v1.r[0]: Creating...
TestTerraformRBACExample 2022-03-31T04:40:02Z logger.go:66: kubernetes_namespace.development: Creating...
TestTerraformRBACExample 2022-03-31T04:40:02Z logger.go:66: module.pre_existing.module.cluster_roles["cluster-admin"].kubernetes_cluster_role_binding_v1.crb[0]: Creating...
TestTerraformRBACExample 2022-03-31T04:40:02Z logger.go:66: module.pre_existing.module.cluster_roles["cluster-admin"].kubernetes_cluster_role_binding_v1.crb[0]: Creation complete after 0s [id=cluster-admin-global]
TestTerraformRBACExample 2022-03-31T04:40:02Z logger.go:66: module.rbac.module.roles["pod-reader"].kubernetes_role_v1.r[0]: Creation complete after 0s [id=default/pod-reader]
TestTerraformRBACExample 2022-03-31T04:40:02Z logger.go:66: kubernetes_namespace.development: Creation complete after 0s [id=development]
TestTerraformRBACExample 2022-03-31T04:40:02Z logger.go:66: module.rbac.module.roles["pod-reader"].kubernetes_role_binding_v1.rb[0]: Creating...
TestTerraformRBACExample 2022-03-31T04:40:02Z logger.go:66: module.rbac.module.cluster_roles["secret-reader-global"].kubernetes_cluster_role_v1.cr[0]: Creating...
TestTerraformRBACExample 2022-03-31T04:40:02Z logger.go:66: module.rbac.module.cluster_roles["secret-reader"].kubernetes_cluster_role_v1.cr[0]: Creating...
TestTerraformRBACExample 2022-03-31T04:40:02Z logger.go:66: module.rbac.module.roles["pod-reader"].kubernetes_role_binding_v1.rb[0]: Creation complete after 1s [id=default/read-pods]
TestTerraformRBACExample 2022-03-31T04:40:02Z logger.go:66: module.rbac.module.cluster_roles["secret-reader-global"].kubernetes_cluster_role_v1.cr[0]: Creation complete after 1s [id=secret-reader-global]
TestTerraformRBACExample 2022-03-31T04:40:02Z logger.go:66: module.rbac.module.cluster_roles["secret-reader"].kubernetes_cluster_role_v1.cr[0]: Creation complete after 1s [id=secret-reader]
TestTerraformRBACExample 2022-03-31T04:40:02Z logger.go:66: module.rbac.module.cluster_roles["secret-reader-global"].kubernetes_cluster_role_binding_v1.crb[0]: Creating...
TestTerraformRBACExample 2022-03-31T04:40:02Z logger.go:66: module.rbac.module.cluster_roles["secret-reader"].kubernetes_role_binding_v1.rb[0]: Creating...
TestTerraformRBACExample 2022-03-31T04:40:02Z logger.go:66: module.rbac.module.cluster_roles["secret-reader-global"].kubernetes_cluster_role_binding_v1.crb[0]: Creation complete after 0s [id=read-secrets-global]
TestTerraformRBACExample 2022-03-31T04:40:02Z logger.go:66: module.rbac.module.cluster_roles["secret-reader"].kubernetes_role_binding_v1.rb[0]: Creation complete after 0s [id=development/read-secret]
TestTerraformRBACExample 2022-03-31T04:40:03Z logger.go:66:
TestTerraformRBACExample 2022-03-31T04:40:03Z logger.go:66: Apply complete! Resources: 8 added, 0 changed, 0 destroyed.
TestTerraformRBACExample 2022-03-31T04:40:03Z logger.go:66:
TestTerraformRBACExample 2022-03-31T04:40:03Z logger.go:66: Outputs:
TestTerraformRBACExample 2022-03-31T04:40:03Z logger.go:66:
TestTerraformRBACExample 2022-03-31T04:40:03Z logger.go:66: cluster_admin = {
TestTerraformRBACExample 2022-03-31T04:40:03Z logger.go:66:   "cluster_role_binding_name" = "cluster-admin-global"
TestTerraformRBACExample 2022-03-31T04:40:03Z logger.go:66:   "cluster_role_name" = "cluster-admin"
TestTerraformRBACExample 2022-03-31T04:40:03Z logger.go:66:   "role_binding_name" = null
TestTerraformRBACExample 2022-03-31T04:40:03Z logger.go:66:   "role_binding_namespace" = null
TestTerraformRBACExample 2022-03-31T04:40:03Z logger.go:66:   "role_name" = null
TestTerraformRBACExample 2022-03-31T04:40:03Z logger.go:66:   "role_namespace" = tostring(null)
TestTerraformRBACExample 2022-03-31T04:40:03Z logger.go:66: }
TestTerraformRBACExample 2022-03-31T04:40:03Z logger.go:66: pod_reader = {
TestTerraformRBACExample 2022-03-31T04:40:03Z logger.go:66:   "cluster_role_binding_name" = null
TestTerraformRBACExample 2022-03-31T04:40:03Z logger.go:66:   "cluster_role_name" = null
TestTerraformRBACExample 2022-03-31T04:40:03Z logger.go:66:   "role_binding_name" = "read-pods"
TestTerraformRBACExample 2022-03-31T04:40:03Z logger.go:66:   "role_binding_namespace" = "default"
TestTerraformRBACExample 2022-03-31T04:40:03Z logger.go:66:   "role_name" = "pod-reader"
TestTerraformRBACExample 2022-03-31T04:40:03Z logger.go:66:   "role_namespace" = "default"
TestTerraformRBACExample 2022-03-31T04:40:03Z logger.go:66: }
TestTerraformRBACExample 2022-03-31T04:40:03Z logger.go:66: secret_reader = {
TestTerraformRBACExample 2022-03-31T04:40:03Z logger.go:66:   "cluster_role_binding_name" = null
TestTerraformRBACExample 2022-03-31T04:40:03Z logger.go:66:   "cluster_role_name" = "secret-reader"
TestTerraformRBACExample 2022-03-31T04:40:03Z logger.go:66:   "role_binding_name" = "read-secret"
TestTerraformRBACExample 2022-03-31T04:40:03Z logger.go:66:   "role_binding_namespace" = "development"
TestTerraformRBACExample 2022-03-31T04:40:03Z logger.go:66:   "role_name" = null
TestTerraformRBACExample 2022-03-31T04:40:03Z logger.go:66:   "role_namespace" = tostring(null)
TestTerraformRBACExample 2022-03-31T04:40:03Z logger.go:66: }
TestTerraformRBACExample 2022-03-31T04:40:03Z logger.go:66: secret_reader_global = {
TestTerraformRBACExample 2022-03-31T04:40:03Z logger.go:66:   "cluster_role_binding_name" = "read-secrets-global"
TestTerraformRBACExample 2022-03-31T04:40:03Z logger.go:66:   "cluster_role_name" = "secret-reader-global"
TestTerraformRBACExample 2022-03-31T04:40:03Z logger.go:66:   "role_binding_name" = null
TestTerraformRBACExample 2022-03-31T04:40:03Z logger.go:66:   "role_binding_namespace" = null
TestTerraformRBACExample 2022-03-31T04:40:03Z logger.go:66:   "role_name" = null
TestTerraformRBACExample 2022-03-31T04:40:03Z logger.go:66:   "role_namespace" = tostring(null)
TestTerraformRBACExample 2022-03-31T04:40:03Z logger.go:66: }
TestTerraformRBACExample 2022-03-31T04:40:03Z retry.go:91: terraform [output -no-color -json pod_reader]
TestTerraformRBACExample 2022-03-31T04:40:03Z logger.go:66: Running command terraform with args [output -no-color -json pod_reader]
TestTerraformRBACExample 2022-03-31T04:40:04Z logger.go:66: {"cluster_role_binding_name":null,"cluster_role_name":null,"role_binding_name":"read-pods","role_binding_namespace":"default","role_name":"pod-reader","role_namespace":"default"}
TestTerraformRBACExample 2022-03-31T04:40:04Z retry.go:91: terraform [output -no-color -json secret_reader]
TestTerraformRBACExample 2022-03-31T04:40:04Z logger.go:66: Running command terraform with args [output -no-color -json secret_reader]
TestTerraformRBACExample 2022-03-31T04:40:06Z logger.go:66: {"cluster_role_binding_name":null,"cluster_role_name":"secret-reader","role_binding_name":"read-secret","role_binding_namespace":"development","role_name":null,"role_namespace":null}
TestTerraformRBACExample 2022-03-31T04:40:06Z retry.go:91: terraform [output -no-color -json secret_reader_global]
TestTerraformRBACExample 2022-03-31T04:40:06Z logger.go:66: Running command terraform with args [output -no-color -json secret_reader_global]
TestTerraformRBACExample 2022-03-31T04:40:07Z logger.go:66: {"cluster_role_binding_name":"read-secrets-global","cluster_role_name":"secret-reader-global","role_binding_name":null,"role_binding_namespace":null,"role_name":null,"role_namespace":null}
TestTerraformRBACExample 2022-03-31T04:40:07Z retry.go:91: terraform [output -no-color -json cluster_admin]
TestTerraformRBACExample 2022-03-31T04:40:07Z logger.go:66: Running command terraform with args [output -no-color -json cluster_admin]
TestTerraformRBACExample 2022-03-31T04:40:08Z logger.go:66: {"cluster_role_binding_name":"cluster-admin-global","cluster_role_name":"cluster-admin","role_binding_name":null,"role_binding_namespace":null,"role_name":null,"role_namespace":null}
TestTerraformRBACExample 2022-03-31T04:40:08Z retry.go:91: terraform [apply -input=false -auto-approve -no-color -lock=false]
TestTerraformRBACExample 2022-03-31T04:40:08Z logger.go:66: Running command terraform with args [apply -input=false -auto-approve -no-color -lock=false]
TestTerraformRBACExample 2022-03-31T04:40:10Z logger.go:66: module.rbac.module.roles["pod-reader"].kubernetes_role_v1.r[0]: Refreshing state... [id=default/pod-reader]
TestTerraformRBACExample 2022-03-31T04:40:10Z logger.go:66: kubernetes_namespace.development: Refreshing state... [id=development]
TestTerraformRBACExample 2022-03-31T04:40:10Z logger.go:66: module.rbac.module.cluster_roles["secret-reader"].kubernetes_cluster_role_v1.cr[0]: Refreshing state... [id=secret-reader]
TestTerraformRBACExample 2022-03-31T04:40:10Z logger.go:66: module.rbac.module.cluster_roles["secret-reader-global"].kubernetes_cluster_role_v1.cr[0]: Refreshing state... [id=secret-reader-global]
TestTerraformRBACExample 2022-03-31T04:40:10Z logger.go:66: module.rbac.module.roles["pod-reader"].kubernetes_role_binding_v1.rb[0]: Refreshing state... [id=default/read-pods]
TestTerraformRBACExample 2022-03-31T04:40:10Z logger.go:66: module.rbac.module.cluster_roles["secret-reader"].kubernetes_role_binding_v1.rb[0]: Refreshing state... [id=development/read-secret]
TestTerraformRBACExample 2022-03-31T04:40:10Z logger.go:66: module.rbac.module.cluster_roles["secret-reader-global"].kubernetes_cluster_role_binding_v1.crb[0]: Refreshing state... [id=read-secrets-global]
TestTerraformRBACExample 2022-03-31T04:40:10Z logger.go:66: module.pre_existing.module.cluster_roles["cluster-admin"].kubernetes_cluster_role_binding_v1.crb[0]: Refreshing state... [id=cluster-admin-global]
TestTerraformRBACExample 2022-03-31T04:40:11Z logger.go:66:
TestTerraformRBACExample 2022-03-31T04:40:11Z logger.go:66: Note: Objects have changed outside of Terraform
TestTerraformRBACExample 2022-03-31T04:40:11Z logger.go:66:
TestTerraformRBACExample 2022-03-31T04:40:11Z logger.go:66: Terraform detected the following changes made outside of Terraform since the
TestTerraformRBACExample 2022-03-31T04:40:11Z logger.go:66: last "terraform apply":
TestTerraformRBACExample 2022-03-31T04:40:11Z logger.go:66:
TestTerraformRBACExample 2022-03-31T04:40:11Z logger.go:66:   # kubernetes_namespace.development has changed
TestTerraformRBACExample 2022-03-31T04:40:11Z logger.go:66:   ~ resource "kubernetes_namespace" "development" {
TestTerraformRBACExample 2022-03-31T04:40:11Z logger.go:66:         id = "development"
TestTerraformRBACExample 2022-03-31T04:40:11Z logger.go:66:
TestTerraformRBACExample 2022-03-31T04:40:11Z logger.go:66:       ~ metadata {
TestTerraformRBACExample 2022-03-31T04:40:11Z logger.go:66:           + annotations      = {}
TestTerraformRBACExample 2022-03-31T04:40:11Z logger.go:66:             name             = "development"
TestTerraformRBACExample 2022-03-31T04:40:11Z logger.go:66:             # (4 unchanged attributes hidden)
TestTerraformRBACExample 2022-03-31T04:40:11Z logger.go:66:         }
TestTerraformRBACExample 2022-03-31T04:40:11Z logger.go:66:     }
TestTerraformRBACExample 2022-03-31T04:40:11Z logger.go:66:
TestTerraformRBACExample 2022-03-31T04:40:11Z logger.go:66:   # module.pre_existing.module.cluster_roles["cluster-admin"].kubernetes_cluster_role_binding_v1.crb[0] has changed
TestTerraformRBACExample 2022-03-31T04:40:11Z logger.go:66:   ~ resource "kubernetes_cluster_role_binding_v1" "crb" {
TestTerraformRBACExample 2022-03-31T04:40:11Z logger.go:66:         id = "cluster-admin-global"
TestTerraformRBACExample 2022-03-31T04:40:11Z logger.go:66:
TestTerraformRBACExample 2022-03-31T04:40:11Z logger.go:66:       ~ metadata {
TestTerraformRBACExample 2022-03-31T04:40:11Z logger.go:66:           + annotations      = {}
TestTerraformRBACExample 2022-03-31T04:40:11Z logger.go:66:           + labels           = {}
TestTerraformRBACExample 2022-03-31T04:40:11Z logger.go:66:             name             = "cluster-admin-global"
TestTerraformRBACExample 2022-03-31T04:40:11Z logger.go:66:             # (3 unchanged attributes hidden)
TestTerraformRBACExample 2022-03-31T04:40:11Z logger.go:66:         }
TestTerraformRBACExample 2022-03-31T04:40:11Z logger.go:66:
TestTerraformRBACExample 2022-03-31T04:40:11Z logger.go:66:
TestTerraformRBACExample 2022-03-31T04:40:11Z logger.go:66:         # (2 unchanged blocks hidden)
TestTerraformRBACExample 2022-03-31T04:40:11Z logger.go:66:     }
TestTerraformRBACExample 2022-03-31T04:40:11Z logger.go:66:
TestTerraformRBACExample 2022-03-31T04:40:11Z logger.go:66:   # module.rbac.module.cluster_roles["secret-reader"].kubernetes_cluster_role_v1.cr[0] has changed
TestTerraformRBACExample 2022-03-31T04:40:11Z logger.go:66:   ~ resource "kubernetes_cluster_role_v1" "cr" {
TestTerraformRBACExample 2022-03-31T04:40:11Z logger.go:66:         id = "secret-reader"
TestTerraformRBACExample 2022-03-31T04:40:11Z logger.go:66:
TestTerraformRBACExample 2022-03-31T04:40:11Z logger.go:66:       ~ metadata {
TestTerraformRBACExample 2022-03-31T04:40:11Z logger.go:66:           + annotations      = {}
TestTerraformRBACExample 2022-03-31T04:40:11Z logger.go:66:             name             = "secret-reader"
TestTerraformRBACExample 2022-03-31T04:40:11Z logger.go:66:             # (4 unchanged attributes hidden)
TestTerraformRBACExample 2022-03-31T04:40:11Z logger.go:66:         }
TestTerraformRBACExample 2022-03-31T04:40:11Z logger.go:66:
TestTerraformRBACExample 2022-03-31T04:40:11Z logger.go:66:       ~ rule {
TestTerraformRBACExample 2022-03-31T04:40:11Z logger.go:66:           + non_resource_urls = []
TestTerraformRBACExample 2022-03-31T04:40:11Z logger.go:66:           + resource_names    = []
TestTerraformRBACExample 2022-03-31T04:40:11Z logger.go:66:             # (3 unchanged attributes hidden)
TestTerraformRBACExample 2022-03-31T04:40:11Z logger.go:66:         }
TestTerraformRBACExample 2022-03-31T04:40:11Z logger.go:66:     }
TestTerraformRBACExample 2022-03-31T04:40:11Z logger.go:66:
TestTerraformRBACExample 2022-03-31T04:40:11Z logger.go:66:   # module.rbac.module.cluster_roles["secret-reader"].kubernetes_role_binding_v1.rb[0] has changed
TestTerraformRBACExample 2022-03-31T04:40:11Z logger.go:66:   ~ resource "kubernetes_role_binding_v1" "rb" {
TestTerraformRBACExample 2022-03-31T04:40:11Z logger.go:66:         id = "development/read-secret"
TestTerraformRBACExample 2022-03-31T04:40:11Z logger.go:66:
TestTerraformRBACExample 2022-03-31T04:40:11Z logger.go:66:       ~ metadata {
TestTerraformRBACExample 2022-03-31T04:40:11Z logger.go:66:           + annotations      = {}
TestTerraformRBACExample 2022-03-31T04:40:11Z logger.go:66:             name             = "read-secret"
TestTerraformRBACExample 2022-03-31T04:40:11Z logger.go:66:             # (5 unchanged attributes hidden)
TestTerraformRBACExample 2022-03-31T04:40:11Z logger.go:66:         }
TestTerraformRBACExample 2022-03-31T04:40:11Z logger.go:66:
TestTerraformRBACExample 2022-03-31T04:40:11Z logger.go:66:
TestTerraformRBACExample 2022-03-31T04:40:11Z logger.go:66:         # (2 unchanged blocks hidden)
TestTerraformRBACExample 2022-03-31T04:40:11Z logger.go:66:     }
TestTerraformRBACExample 2022-03-31T04:40:11Z logger.go:66:
TestTerraformRBACExample 2022-03-31T04:40:11Z logger.go:66:   # module.rbac.module.cluster_roles["secret-reader-global"].kubernetes_cluster_role_binding_v1.crb[0] has changed
TestTerraformRBACExample 2022-03-31T04:40:11Z logger.go:66:   ~ resource "kubernetes_cluster_role_binding_v1" "crb" {
TestTerraformRBACExample 2022-03-31T04:40:11Z logger.go:66:         id = "read-secrets-global"
TestTerraformRBACExample 2022-03-31T04:40:11Z logger.go:66:
TestTerraformRBACExample 2022-03-31T04:40:11Z logger.go:66:       ~ metadata {
TestTerraformRBACExample 2022-03-31T04:40:11Z logger.go:66:           + annotations      = {}
TestTerraformRBACExample 2022-03-31T04:40:11Z logger.go:66:             name             = "read-secrets-global"
TestTerraformRBACExample 2022-03-31T04:40:11Z logger.go:66:             # (4 unchanged attributes hidden)
TestTerraformRBACExample 2022-03-31T04:40:11Z logger.go:66:         }
TestTerraformRBACExample 2022-03-31T04:40:11Z logger.go:66:
TestTerraformRBACExample 2022-03-31T04:40:11Z logger.go:66:
TestTerraformRBACExample 2022-03-31T04:40:11Z logger.go:66:         # (2 unchanged blocks hidden)
TestTerraformRBACExample 2022-03-31T04:40:11Z logger.go:66:     }
TestTerraformRBACExample 2022-03-31T04:40:11Z logger.go:66:
TestTerraformRBACExample 2022-03-31T04:40:11Z logger.go:66:   # module.rbac.module.cluster_roles["secret-reader-global"].kubernetes_cluster_role_v1.cr[0] has changed
TestTerraformRBACExample 2022-03-31T04:40:11Z logger.go:66:   ~ resource "kubernetes_cluster_role_v1" "cr" {
TestTerraformRBACExample 2022-03-31T04:40:11Z logger.go:66:         id = "secret-reader-global"
TestTerraformRBACExample 2022-03-31T04:40:11Z logger.go:66:
TestTerraformRBACExample 2022-03-31T04:40:11Z logger.go:66:       ~ metadata {
TestTerraformRBACExample 2022-03-31T04:40:11Z logger.go:66:           + annotations      = {}
TestTerraformRBACExample 2022-03-31T04:40:11Z logger.go:66:             name             = "secret-reader-global"
TestTerraformRBACExample 2022-03-31T04:40:11Z logger.go:66:             # (4 unchanged attributes hidden)
TestTerraformRBACExample 2022-03-31T04:40:11Z logger.go:66:         }
TestTerraformRBACExample 2022-03-31T04:40:11Z logger.go:66:
TestTerraformRBACExample 2022-03-31T04:40:11Z logger.go:66:       ~ rule {
TestTerraformRBACExample 2022-03-31T04:40:11Z logger.go:66:           + non_resource_urls = []
TestTerraformRBACExample 2022-03-31T04:40:11Z logger.go:66:           + resource_names    = []
TestTerraformRBACExample 2022-03-31T04:40:11Z logger.go:66:             # (3 unchanged attributes hidden)
TestTerraformRBACExample 2022-03-31T04:40:11Z logger.go:66:         }
TestTerraformRBACExample 2022-03-31T04:40:11Z logger.go:66:     }
TestTerraformRBACExample 2022-03-31T04:40:11Z logger.go:66:
TestTerraformRBACExample 2022-03-31T04:40:11Z logger.go:66:   # module.rbac.module.roles["pod-reader"].kubernetes_role_binding_v1.rb[0] has changed
TestTerraformRBACExample 2022-03-31T04:40:11Z logger.go:66:   ~ resource "kubernetes_role_binding_v1" "rb" {
TestTerraformRBACExample 2022-03-31T04:40:11Z logger.go:66:         id = "default/read-pods"
TestTerraformRBACExample 2022-03-31T04:40:11Z logger.go:66:
TestTerraformRBACExample 2022-03-31T04:40:11Z logger.go:66:       ~ metadata {
TestTerraformRBACExample 2022-03-31T04:40:11Z logger.go:66:           + annotations      = {}
TestTerraformRBACExample 2022-03-31T04:40:11Z logger.go:66:             name             = "read-pods"
TestTerraformRBACExample 2022-03-31T04:40:11Z logger.go:66:             # (5 unchanged attributes hidden)
TestTerraformRBACExample 2022-03-31T04:40:11Z logger.go:66:         }
TestTerraformRBACExample 2022-03-31T04:40:11Z logger.go:66:
TestTerraformRBACExample 2022-03-31T04:40:11Z logger.go:66:
TestTerraformRBACExample 2022-03-31T04:40:11Z logger.go:66:         # (2 unchanged blocks hidden)
TestTerraformRBACExample 2022-03-31T04:40:11Z logger.go:66:     }
TestTerraformRBACExample 2022-03-31T04:40:11Z logger.go:66:
TestTerraformRBACExample 2022-03-31T04:40:11Z logger.go:66:   # module.rbac.module.roles["pod-reader"].kubernetes_role_v1.r[0] has changed
TestTerraformRBACExample 2022-03-31T04:40:11Z logger.go:66:   ~ resource "kubernetes_role_v1" "r" {
TestTerraformRBACExample 2022-03-31T04:40:11Z logger.go:66:         id = "default/pod-reader"
TestTerraformRBACExample 2022-03-31T04:40:11Z logger.go:66:
TestTerraformRBACExample 2022-03-31T04:40:11Z logger.go:66:       ~ metadata {
TestTerraformRBACExample 2022-03-31T04:40:11Z logger.go:66:           + annotations      = {}
TestTerraformRBACExample 2022-03-31T04:40:11Z logger.go:66:             name             = "pod-reader"
TestTerraformRBACExample 2022-03-31T04:40:11Z logger.go:66:             # (5 unchanged attributes hidden)
TestTerraformRBACExample 2022-03-31T04:40:11Z logger.go:66:         }
TestTerraformRBACExample 2022-03-31T04:40:11Z logger.go:66:
TestTerraformRBACExample 2022-03-31T04:40:11Z logger.go:66:       ~ rule {
TestTerraformRBACExample 2022-03-31T04:40:11Z logger.go:66:           + resource_names = []
TestTerraformRBACExample 2022-03-31T04:40:11Z logger.go:66:             # (3 unchanged attributes hidden)
TestTerraformRBACExample 2022-03-31T04:40:11Z logger.go:66:         }
TestTerraformRBACExample 2022-03-31T04:40:11Z logger.go:66:     }
TestTerraformRBACExample 2022-03-31T04:40:11Z logger.go:66:
TestTerraformRBACExample 2022-03-31T04:40:11Z logger.go:66:
TestTerraformRBACExample 2022-03-31T04:40:11Z logger.go:66: Unless you have made equivalent changes to your configuration, or ignored the
TestTerraformRBACExample 2022-03-31T04:40:11Z logger.go:66: relevant attributes using ignore_changes, the following plan may include
TestTerraformRBACExample 2022-03-31T04:40:11Z logger.go:66: actions to undo or respond to these changes.
TestTerraformRBACExample 2022-03-31T04:40:11Z logger.go:66:
TestTerraformRBACExample 2022-03-31T04:40:11Z logger.go:66: ─────────────────────────────────────────────────────────────────────────────
TestTerraformRBACExample 2022-03-31T04:40:11Z logger.go:66:
TestTerraformRBACExample 2022-03-31T04:40:11Z logger.go:66: No changes. Your infrastructure matches the configuration.
TestTerraformRBACExample 2022-03-31T04:40:11Z logger.go:66:
TestTerraformRBACExample 2022-03-31T04:40:11Z logger.go:66: Your configuration already matches the changes detected above. If you'd like
TestTerraformRBACExample 2022-03-31T04:40:11Z logger.go:66: to update the Terraform state to match, create and apply a refresh-only plan:
TestTerraformRBACExample 2022-03-31T04:40:11Z logger.go:66:   terraform apply -refresh-only
TestTerraformRBACExample 2022-03-31T04:40:11Z logger.go:66:
TestTerraformRBACExample 2022-03-31T04:40:11Z logger.go:66: Apply complete! Resources: 0 added, 0 changed, 0 destroyed.
TestTerraformRBACExample 2022-03-31T04:40:11Z logger.go:66:
TestTerraformRBACExample 2022-03-31T04:40:11Z logger.go:66: Outputs:
TestTerraformRBACExample 2022-03-31T04:40:11Z logger.go:66:
TestTerraformRBACExample 2022-03-31T04:40:11Z logger.go:66: cluster_admin = {
TestTerraformRBACExample 2022-03-31T04:40:11Z logger.go:66:   "cluster_role_binding_name" = "cluster-admin-global"
TestTerraformRBACExample 2022-03-31T04:40:11Z logger.go:66:   "cluster_role_name" = "cluster-admin"
TestTerraformRBACExample 2022-03-31T04:40:11Z logger.go:66:   "role_binding_name" = null
TestTerraformRBACExample 2022-03-31T04:40:11Z logger.go:66:   "role_binding_namespace" = null
TestTerraformRBACExample 2022-03-31T04:40:11Z logger.go:66:   "role_name" = null
TestTerraformRBACExample 2022-03-31T04:40:11Z logger.go:66:   "role_namespace" = tostring(null)
TestTerraformRBACExample 2022-03-31T04:40:11Z logger.go:66: }
TestTerraformRBACExample 2022-03-31T04:40:11Z logger.go:66: pod_reader = {
TestTerraformRBACExample 2022-03-31T04:40:11Z logger.go:66:   "cluster_role_binding_name" = null
TestTerraformRBACExample 2022-03-31T04:40:11Z logger.go:66:   "cluster_role_name" = null
TestTerraformRBACExample 2022-03-31T04:40:11Z logger.go:66:   "role_binding_name" = "read-pods"
TestTerraformRBACExample 2022-03-31T04:40:11Z logger.go:66:   "role_binding_namespace" = "default"
TestTerraformRBACExample 2022-03-31T04:40:11Z logger.go:66:   "role_name" = "pod-reader"
TestTerraformRBACExample 2022-03-31T04:40:11Z logger.go:66:   "role_namespace" = "default"
TestTerraformRBACExample 2022-03-31T04:40:11Z logger.go:66: }
TestTerraformRBACExample 2022-03-31T04:40:11Z logger.go:66: secret_reader = {
TestTerraformRBACExample 2022-03-31T04:40:11Z logger.go:66:   "cluster_role_binding_name" = null
TestTerraformRBACExample 2022-03-31T04:40:11Z logger.go:66:   "cluster_role_name" = "secret-reader"
TestTerraformRBACExample 2022-03-31T04:40:11Z logger.go:66:   "role_binding_name" = "read-secret"
TestTerraformRBACExample 2022-03-31T04:40:11Z logger.go:66:   "role_binding_namespace" = "development"
TestTerraformRBACExample 2022-03-31T04:40:11Z logger.go:66:   "role_name" = null
TestTerraformRBACExample 2022-03-31T04:40:11Z logger.go:66:   "role_namespace" = tostring(null)
TestTerraformRBACExample 2022-03-31T04:40:11Z logger.go:66: }
TestTerraformRBACExample 2022-03-31T04:40:11Z logger.go:66: secret_reader_global = {
TestTerraformRBACExample 2022-03-31T04:40:11Z logger.go:66:   "cluster_role_binding_name" = "read-secrets-global"
TestTerraformRBACExample 2022-03-31T04:40:11Z logger.go:66:   "cluster_role_name" = "secret-reader-global"
TestTerraformRBACExample 2022-03-31T04:40:11Z logger.go:66:   "role_binding_name" = null
TestTerraformRBACExample 2022-03-31T04:40:11Z logger.go:66:   "role_binding_namespace" = null
TestTerraformRBACExample 2022-03-31T04:40:11Z logger.go:66:   "role_name" = null
TestTerraformRBACExample 2022-03-31T04:40:11Z logger.go:66:   "role_namespace" = tostring(null)
TestTerraformRBACExample 2022-03-31T04:40:11Z logger.go:66: }
TestTerraformRBACExample 2022-03-31T04:40:11Z logger.go:66: Running terraform with args [plan -input=false -detailed-exitcode -no-color -lock=false]
TestTerraformRBACExample 2022-03-31T04:40:11Z logger.go:66: Running command terraform with args [plan -input=false -detailed-exitcode -no-color -lock=false]
TestTerraformRBACExample 2022-03-31T04:40:14Z logger.go:66: kubernetes_namespace.development: Refreshing state... [id=development]
TestTerraformRBACExample 2022-03-31T04:40:14Z logger.go:66: module.rbac.module.roles["pod-reader"].kubernetes_role_v1.r[0]: Refreshing state... [id=default/pod-reader]
TestTerraformRBACExample 2022-03-31T04:40:14Z logger.go:66: module.rbac.module.roles["pod-reader"].kubernetes_role_binding_v1.rb[0]: Refreshing state... [id=default/read-pods]
TestTerraformRBACExample 2022-03-31T04:40:14Z logger.go:66: module.rbac.module.cluster_roles["secret-reader"].kubernetes_cluster_role_v1.cr[0]: Refreshing state... [id=secret-reader]
TestTerraformRBACExample 2022-03-31T04:40:14Z logger.go:66: module.rbac.module.cluster_roles["secret-reader-global"].kubernetes_cluster_role_v1.cr[0]: Refreshing state... [id=secret-reader-global]
TestTerraformRBACExample 2022-03-31T04:40:15Z logger.go:66: module.rbac.module.cluster_roles["secret-reader-global"].kubernetes_cluster_role_binding_v1.crb[0]: Refreshing state... [id=read-secrets-global]
TestTerraformRBACExample 2022-03-31T04:40:15Z logger.go:66: module.rbac.module.cluster_roles["secret-reader"].kubernetes_role_binding_v1.rb[0]: Refreshing state... [id=development/read-secret]
TestTerraformRBACExample 2022-03-31T04:40:15Z logger.go:66: module.pre_existing.module.cluster_roles["cluster-admin"].kubernetes_cluster_role_binding_v1.crb[0]: Refreshing state... [id=cluster-admin-global]
TestTerraformRBACExample 2022-03-31T04:40:15Z logger.go:66:
TestTerraformRBACExample 2022-03-31T04:40:15Z logger.go:66: No changes. Your infrastructure matches the configuration.
TestTerraformRBACExample 2022-03-31T04:40:15Z logger.go:66:
TestTerraformRBACExample 2022-03-31T04:40:15Z logger.go:66: Terraform has compared your real infrastructure against your configuration
TestTerraformRBACExample 2022-03-31T04:40:15Z logger.go:66: and found no differences, so no changes are needed.
TestTerraformRBACExample 2022-03-31T04:40:15Z retry.go:91: terraform [destroy -auto-approve -input=false -no-color -lock=false]
TestTerraformRBACExample 2022-03-31T04:40:15Z logger.go:66: Running command terraform with args [destroy -auto-approve -input=false -no-color -lock=false]
TestTerraformRBACExample 2022-03-31T04:40:19Z logger.go:66: kubernetes_namespace.development: Refreshing state... [id=development]
TestTerraformRBACExample 2022-03-31T04:40:19Z logger.go:66: module.rbac.module.roles["pod-reader"].kubernetes_role_v1.r[0]: Refreshing state... [id=default/pod-reader]
TestTerraformRBACExample 2022-03-31T04:40:19Z logger.go:66: module.rbac.module.roles["pod-reader"].kubernetes_role_binding_v1.rb[0]: Refreshing state... [id=default/read-pods]
TestTerraformRBACExample 2022-03-31T04:40:19Z logger.go:66: module.rbac.module.cluster_roles["secret-reader"].kubernetes_cluster_role_v1.cr[0]: Refreshing state... [id=secret-reader]
TestTerraformRBACExample 2022-03-31T04:40:19Z logger.go:66: module.rbac.module.cluster_roles["secret-reader-global"].kubernetes_cluster_role_v1.cr[0]: Refreshing state... [id=secret-reader-global]
TestTerraformRBACExample 2022-03-31T04:40:19Z logger.go:66: module.rbac.module.cluster_roles["secret-reader-global"].kubernetes_cluster_role_binding_v1.crb[0]: Refreshing state... [id=read-secrets-global]
TestTerraformRBACExample 2022-03-31T04:40:19Z logger.go:66: module.rbac.module.cluster_roles["secret-reader"].kubernetes_role_binding_v1.rb[0]: Refreshing state... [id=development/read-secret]
TestTerraformRBACExample 2022-03-31T04:40:20Z logger.go:66: module.pre_existing.module.cluster_roles["cluster-admin"].kubernetes_cluster_role_binding_v1.crb[0]: Refreshing state... [id=cluster-admin-global]
TestTerraformRBACExample 2022-03-31T04:40:20Z logger.go:66:
TestTerraformRBACExample 2022-03-31T04:40:20Z logger.go:66: Terraform used the selected providers to generate the following execution
TestTerraformRBACExample 2022-03-31T04:40:20Z logger.go:66: plan. Resource actions are indicated with the following symbols:
TestTerraformRBACExample 2022-03-31T04:40:20Z logger.go:66:   - destroy
TestTerraformRBACExample 2022-03-31T04:40:20Z logger.go:66:
TestTerraformRBACExample 2022-03-31T04:40:20Z logger.go:66: Terraform will perform the following actions:
TestTerraformRBACExample 2022-03-31T04:40:20Z logger.go:66:
TestTerraformRBACExample 2022-03-31T04:40:20Z logger.go:66:   # kubernetes_namespace.development will be destroyed
TestTerraformRBACExample 2022-03-31T04:40:20Z logger.go:66:   - resource "kubernetes_namespace" "development" {
TestTerraformRBACExample 2022-03-31T04:40:20Z logger.go:66:       - id = "development" -> null
TestTerraformRBACExample 2022-03-31T04:40:20Z logger.go:66:
TestTerraformRBACExample 2022-03-31T04:40:20Z logger.go:66:       - metadata {
TestTerraformRBACExample 2022-03-31T04:40:20Z logger.go:66:           - annotations      = {} -> null
TestTerraformRBACExample 2022-03-31T04:40:20Z logger.go:66:           - generation       = 0 -> null
TestTerraformRBACExample 2022-03-31T04:40:20Z logger.go:66:           - labels           = {
TestTerraformRBACExample 2022-03-31T04:40:20Z logger.go:66:               - "app.kubernetes.io/managed-by" = "Terraform"
TestTerraformRBACExample 2022-03-31T04:40:20Z logger.go:66:               - "terraform-example"            = "ex-rbac"
TestTerraformRBACExample 2022-03-31T04:40:20Z logger.go:66:               - "terraform.io/module"          = "terraform-kubernetes-rbac"
TestTerraformRBACExample 2022-03-31T04:40:20Z logger.go:66:             } -> null
TestTerraformRBACExample 2022-03-31T04:40:20Z logger.go:66:           - name             = "development" -> null
TestTerraformRBACExample 2022-03-31T04:40:20Z logger.go:66:           - resource_version = "303579" -> null
TestTerraformRBACExample 2022-03-31T04:40:20Z logger.go:66:           - uid              = "f8114294-3029-4766-bd0f-cf9d8e136067" -> null
TestTerraformRBACExample 2022-03-31T04:40:20Z logger.go:66:         }
TestTerraformRBACExample 2022-03-31T04:40:20Z logger.go:66:     }
TestTerraformRBACExample 2022-03-31T04:40:20Z logger.go:66:
TestTerraformRBACExample 2022-03-31T04:40:20Z logger.go:66:   # module.pre_existing.module.cluster_roles["cluster-admin"].kubernetes_cluster_role_binding_v1.crb[0] will be destroyed
TestTerraformRBACExample 2022-03-31T04:40:20Z logger.go:66:   - resource "kubernetes_cluster_role_binding_v1" "crb" {
TestTerraformRBACExample 2022-03-31T04:40:20Z logger.go:66:       - id = "cluster-admin-global" -> null
TestTerraformRBACExample 2022-03-31T04:40:20Z logger.go:66:
TestTerraformRBACExample 2022-03-31T04:40:20Z logger.go:66:       - metadata {
TestTerraformRBACExample 2022-03-31T04:40:20Z logger.go:66:           - annotations      = {} -> null
TestTerraformRBACExample 2022-03-31T04:40:20Z logger.go:66:           - generation       = 0 -> null
TestTerraformRBACExample 2022-03-31T04:40:20Z logger.go:66:           - labels           = {} -> null
TestTerraformRBACExample 2022-03-31T04:40:20Z logger.go:66:           - name             = "cluster-admin-global" -> null
TestTerraformRBACExample 2022-03-31T04:40:20Z logger.go:66:           - resource_version = "303577" -> null
TestTerraformRBACExample 2022-03-31T04:40:20Z logger.go:66:           - uid              = "c397fd9d-957c-4b8f-9879-edcbbaa79f4b" -> null
TestTerraformRBACExample 2022-03-31T04:40:20Z logger.go:66:         }
TestTerraformRBACExample 2022-03-31T04:40:20Z logger.go:66:
TestTerraformRBACExample 2022-03-31T04:40:20Z logger.go:66:       - role_ref {
TestTerraformRBACExample 2022-03-31T04:40:20Z logger.go:66:           - api_group = "rbac.authorization.k8s.io" -> null
TestTerraformRBACExample 2022-03-31T04:40:20Z logger.go:66:           - kind      = "ClusterRole" -> null
TestTerraformRBACExample 2022-03-31T04:40:20Z logger.go:66:           - name      = "cluster-admin" -> null
TestTerraformRBACExample 2022-03-31T04:40:20Z logger.go:66:         }
TestTerraformRBACExample 2022-03-31T04:40:20Z logger.go:66:
TestTerraformRBACExample 2022-03-31T04:40:20Z logger.go:66:       - subject {
TestTerraformRBACExample 2022-03-31T04:40:20Z logger.go:66:           - api_group = "rbac.authorization.k8s.io" -> null
TestTerraformRBACExample 2022-03-31T04:40:20Z logger.go:66:           - kind      = "User" -> null
TestTerraformRBACExample 2022-03-31T04:40:20Z logger.go:66:           - name      = "bob" -> null
TestTerraformRBACExample 2022-03-31T04:40:20Z logger.go:66:           - namespace = "default" -> null
TestTerraformRBACExample 2022-03-31T04:40:20Z logger.go:66:         }
TestTerraformRBACExample 2022-03-31T04:40:20Z logger.go:66:     }
TestTerraformRBACExample 2022-03-31T04:40:20Z logger.go:66:
TestTerraformRBACExample 2022-03-31T04:40:20Z logger.go:66:   # module.rbac.module.cluster_roles["secret-reader"].kubernetes_cluster_role_v1.cr[0] will be destroyed
TestTerraformRBACExample 2022-03-31T04:40:20Z logger.go:66:   - resource "kubernetes_cluster_role_v1" "cr" {
TestTerraformRBACExample 2022-03-31T04:40:20Z logger.go:66:       - id = "secret-reader" -> null
TestTerraformRBACExample 2022-03-31T04:40:20Z logger.go:66:
TestTerraformRBACExample 2022-03-31T04:40:20Z logger.go:66:       - metadata {
TestTerraformRBACExample 2022-03-31T04:40:20Z logger.go:66:           - annotations      = {} -> null
TestTerraformRBACExample 2022-03-31T04:40:20Z logger.go:66:           - generation       = 0 -> null
TestTerraformRBACExample 2022-03-31T04:40:20Z logger.go:66:           - labels           = {
TestTerraformRBACExample 2022-03-31T04:40:20Z logger.go:66:               - "app.kubernetes.io/managed-by" = "Terraform"
TestTerraformRBACExample 2022-03-31T04:40:20Z logger.go:66:               - "terraform-example"            = "ex-rbac"
TestTerraformRBACExample 2022-03-31T04:40:20Z logger.go:66:               - "terraform.io/module"          = "terraform-kubernetes-rbac"
TestTerraformRBACExample 2022-03-31T04:40:20Z logger.go:66:             } -> null
TestTerraformRBACExample 2022-03-31T04:40:20Z logger.go:66:           - name             = "secret-reader" -> null
TestTerraformRBACExample 2022-03-31T04:40:20Z logger.go:66:           - resource_version = "303585" -> null
TestTerraformRBACExample 2022-03-31T04:40:20Z logger.go:66:           - uid              = "7b32cf00-b81e-43c9-b179-6de2a7420e57" -> null
TestTerraformRBACExample 2022-03-31T04:40:20Z logger.go:66:         }
TestTerraformRBACExample 2022-03-31T04:40:20Z logger.go:66:
TestTerraformRBACExample 2022-03-31T04:40:20Z logger.go:66:       - rule {
TestTerraformRBACExample 2022-03-31T04:40:20Z logger.go:66:           - api_groups        = [
TestTerraformRBACExample 2022-03-31T04:40:20Z logger.go:66:               - "",
TestTerraformRBACExample 2022-03-31T04:40:20Z logger.go:66:             ] -> null
TestTerraformRBACExample 2022-03-31T04:40:20Z logger.go:66:           - non_resource_urls = [] -> null
TestTerraformRBACExample 2022-03-31T04:40:20Z logger.go:66:           - resource_names    = [] -> null
TestTerraformRBACExample 2022-03-31T04:40:20Z logger.go:66:           - resources         = [
TestTerraformRBACExample 2022-03-31T04:40:20Z logger.go:66:               - "secrets",
TestTerraformRBACExample 2022-03-31T04:40:20Z logger.go:66:             ] -> null
TestTerraformRBACExample 2022-03-31T04:40:20Z logger.go:66:           - verbs             = [
TestTerraformRBACExample 2022-03-31T04:40:20Z logger.go:66:               - "get",
TestTerraformRBACExample 2022-03-31T04:40:20Z logger.go:66:               - "watch",
TestTerraformRBACExample 2022-03-31T04:40:20Z logger.go:66:               - "list",
TestTerraformRBACExample 2022-03-31T04:40:20Z logger.go:66:             ] -> null
TestTerraformRBACExample 2022-03-31T04:40:20Z logger.go:66:         }
TestTerraformRBACExample 2022-03-31T04:40:20Z logger.go:66:     }
TestTerraformRBACExample 2022-03-31T04:40:20Z logger.go:66:
TestTerraformRBACExample 2022-03-31T04:40:20Z logger.go:66:   # module.rbac.module.cluster_roles["secret-reader"].kubernetes_role_binding_v1.rb[0] will be destroyed
TestTerraformRBACExample 2022-03-31T04:40:20Z logger.go:66:   - resource "kubernetes_role_binding_v1" "rb" {
TestTerraformRBACExample 2022-03-31T04:40:20Z logger.go:66:       - id = "development/read-secret" -> null
TestTerraformRBACExample 2022-03-31T04:40:20Z logger.go:66:
TestTerraformRBACExample 2022-03-31T04:40:20Z logger.go:66:       - metadata {
TestTerraformRBACExample 2022-03-31T04:40:20Z logger.go:66:           - annotations      = {} -> null
TestTerraformRBACExample 2022-03-31T04:40:20Z logger.go:66:           - generation       = 0 -> null
TestTerraformRBACExample 2022-03-31T04:40:20Z logger.go:66:           - labels           = {
TestTerraformRBACExample 2022-03-31T04:40:20Z logger.go:66:               - "app.kubernetes.io/managed-by" = "Terraform"
TestTerraformRBACExample 2022-03-31T04:40:20Z logger.go:66:               - "terraform-example"            = "ex-rbac"
TestTerraformRBACExample 2022-03-31T04:40:20Z logger.go:66:               - "terraform.io/module"          = "terraform-kubernetes-rbac"
TestTerraformRBACExample 2022-03-31T04:40:20Z logger.go:66:             } -> null
TestTerraformRBACExample 2022-03-31T04:40:20Z logger.go:66:           - name             = "read-secret" -> null
TestTerraformRBACExample 2022-03-31T04:40:20Z logger.go:66:           - namespace        = "development" -> null
TestTerraformRBACExample 2022-03-31T04:40:20Z logger.go:66:           - resource_version = "303590" -> null
TestTerraformRBACExample 2022-03-31T04:40:20Z logger.go:66:           - uid              = "c489abf1-ed3a-4569-94f9-28aaa4233e64" -> null
TestTerraformRBACExample 2022-03-31T04:40:20Z logger.go:66:         }
TestTerraformRBACExample 2022-03-31T04:40:20Z logger.go:66:
TestTerraformRBACExample 2022-03-31T04:40:20Z logger.go:66:       - role_ref {
TestTerraformRBACExample 2022-03-31T04:40:20Z logger.go:66:           - api_group = "rbac.authorization.k8s.io" -> null
TestTerraformRBACExample 2022-03-31T04:40:20Z logger.go:66:           - kind      = "ClusterRole" -> null
TestTerraformRBACExample 2022-03-31T04:40:20Z logger.go:66:           - name      = "secret-reader" -> null
TestTerraformRBACExample 2022-03-31T04:40:20Z logger.go:66:         }
TestTerraformRBACExample 2022-03-31T04:40:20Z logger.go:66:
TestTerraformRBACExample 2022-03-31T04:40:20Z logger.go:66:       - subject {
TestTerraformRBACExample 2022-03-31T04:40:20Z logger.go:66:           - api_group = "rbac.authorization.k8s.io" -> null
TestTerraformRBACExample 2022-03-31T04:40:20Z logger.go:66:           - kind      = "User" -> null
TestTerraformRBACExample 2022-03-31T04:40:20Z logger.go:66:           - name      = "dave" -> null
TestTerraformRBACExample 2022-03-31T04:40:20Z logger.go:66:           - namespace = "development" -> null
TestTerraformRBACExample 2022-03-31T04:40:20Z logger.go:66:         }
TestTerraformRBACExample 2022-03-31T04:40:20Z logger.go:66:     }
TestTerraformRBACExample 2022-03-31T04:40:20Z logger.go:66:
TestTerraformRBACExample 2022-03-31T04:40:20Z logger.go:66:   # module.rbac.module.cluster_roles["secret-reader-global"].kubernetes_cluster_role_binding_v1.crb[0] will be destroyed
TestTerraformRBACExample 2022-03-31T04:40:20Z logger.go:66:   - resource "kubernetes_cluster_role_binding_v1" "crb" {
TestTerraformRBACExample 2022-03-31T04:40:20Z logger.go:66:       - id = "read-secrets-global" -> null
TestTerraformRBACExample 2022-03-31T04:40:20Z logger.go:66:
TestTerraformRBACExample 2022-03-31T04:40:20Z logger.go:66:       - metadata {
TestTerraformRBACExample 2022-03-31T04:40:20Z logger.go:66:           - annotations      = {} -> null
TestTerraformRBACExample 2022-03-31T04:40:20Z logger.go:66:           - generation       = 0 -> null
TestTerraformRBACExample 2022-03-31T04:40:20Z logger.go:66:           - labels           = {
TestTerraformRBACExample 2022-03-31T04:40:20Z logger.go:66:               - "app.kubernetes.io/managed-by" = "Terraform"
TestTerraformRBACExample 2022-03-31T04:40:20Z logger.go:66:               - "terraform-example"            = "ex-rbac"
TestTerraformRBACExample 2022-03-31T04:40:20Z logger.go:66:               - "terraform.io/module"          = "terraform-kubernetes-rbac"
TestTerraformRBACExample 2022-03-31T04:40:20Z logger.go:66:             } -> null
TestTerraformRBACExample 2022-03-31T04:40:20Z logger.go:66:           - name             = "read-secrets-global" -> null
TestTerraformRBACExample 2022-03-31T04:40:20Z logger.go:66:           - resource_version = "303589" -> null
TestTerraformRBACExample 2022-03-31T04:40:20Z logger.go:66:           - uid              = "0ba24f5d-ad51-407d-96c4-0e2b51cce455" -> null
TestTerraformRBACExample 2022-03-31T04:40:20Z logger.go:66:         }
TestTerraformRBACExample 2022-03-31T04:40:20Z logger.go:66:
TestTerraformRBACExample 2022-03-31T04:40:20Z logger.go:66:       - role_ref {
TestTerraformRBACExample 2022-03-31T04:40:20Z logger.go:66:           - api_group = "rbac.authorization.k8s.io" -> null
TestTerraformRBACExample 2022-03-31T04:40:20Z logger.go:66:           - kind      = "ClusterRole" -> null
TestTerraformRBACExample 2022-03-31T04:40:20Z logger.go:66:           - name      = "secret-reader-global" -> null
TestTerraformRBACExample 2022-03-31T04:40:20Z logger.go:66:         }
TestTerraformRBACExample 2022-03-31T04:40:20Z logger.go:66:
TestTerraformRBACExample 2022-03-31T04:40:20Z logger.go:66:       - subject {
TestTerraformRBACExample 2022-03-31T04:40:20Z logger.go:66:           - api_group = "rbac.authorization.k8s.io" -> null
TestTerraformRBACExample 2022-03-31T04:40:20Z logger.go:66:           - kind      = "Group" -> null
TestTerraformRBACExample 2022-03-31T04:40:20Z logger.go:66:           - name      = "manager" -> null
TestTerraformRBACExample 2022-03-31T04:40:20Z logger.go:66:           - namespace = "default" -> null
TestTerraformRBACExample 2022-03-31T04:40:20Z logger.go:66:         }
TestTerraformRBACExample 2022-03-31T04:40:20Z logger.go:66:     }
TestTerraformRBACExample 2022-03-31T04:40:20Z logger.go:66:
TestTerraformRBACExample 2022-03-31T04:40:20Z logger.go:66:   # module.rbac.module.cluster_roles["secret-reader-global"].kubernetes_cluster_role_v1.cr[0] will be destroyed
TestTerraformRBACExample 2022-03-31T04:40:20Z logger.go:66:   - resource "kubernetes_cluster_role_v1" "cr" {
TestTerraformRBACExample 2022-03-31T04:40:20Z logger.go:66:       - id = "secret-reader-global" -> null
TestTerraformRBACExample 2022-03-31T04:40:20Z logger.go:66:
TestTerraformRBACExample 2022-03-31T04:40:20Z logger.go:66:       - metadata {
TestTerraformRBACExample 2022-03-31T04:40:20Z logger.go:66:           - annotations      = {} -> null
TestTerraformRBACExample 2022-03-31T04:40:20Z logger.go:66:           - generation       = 0 -> null
TestTerraformRBACExample 2022-03-31T04:40:20Z logger.go:66:           - labels           = {
TestTerraformRBACExample 2022-03-31T04:40:20Z logger.go:66:               - "app.kubernetes.io/managed-by" = "Terraform"
TestTerraformRBACExample 2022-03-31T04:40:20Z logger.go:66:               - "terraform-example"            = "ex-rbac"
TestTerraformRBACExample 2022-03-31T04:40:20Z logger.go:66:               - "terraform.io/module"          = "terraform-kubernetes-rbac"
TestTerraformRBACExample 2022-03-31T04:40:20Z logger.go:66:             } -> null
TestTerraformRBACExample 2022-03-31T04:40:20Z logger.go:66:           - name             = "secret-reader-global" -> null
TestTerraformRBACExample 2022-03-31T04:40:20Z logger.go:66:           - resource_version = "303586" -> null
TestTerraformRBACExample 2022-03-31T04:40:20Z logger.go:66:           - uid              = "7c4f2eb2-4079-4b71-b59f-6b73da0b4e4d" -> null
TestTerraformRBACExample 2022-03-31T04:40:20Z logger.go:66:         }
TestTerraformRBACExample 2022-03-31T04:40:20Z logger.go:66:
TestTerraformRBACExample 2022-03-31T04:40:20Z logger.go:66:       - rule {
TestTerraformRBACExample 2022-03-31T04:40:20Z logger.go:66:           - api_groups        = [
TestTerraformRBACExample 2022-03-31T04:40:20Z logger.go:66:               - "",
TestTerraformRBACExample 2022-03-31T04:40:20Z logger.go:66:             ] -> null
TestTerraformRBACExample 2022-03-31T04:40:20Z logger.go:66:           - non_resource_urls = [] -> null
TestTerraformRBACExample 2022-03-31T04:40:20Z logger.go:66:           - resource_names    = [] -> null
TestTerraformRBACExample 2022-03-31T04:40:20Z logger.go:66:           - resources         = [
TestTerraformRBACExample 2022-03-31T04:40:20Z logger.go:66:               - "secrets",
TestTerraformRBACExample 2022-03-31T04:40:20Z logger.go:66:             ] -> null
TestTerraformRBACExample 2022-03-31T04:40:20Z logger.go:66:           - verbs             = [
TestTerraformRBACExample 2022-03-31T04:40:20Z logger.go:66:               - "get",
TestTerraformRBACExample 2022-03-31T04:40:20Z logger.go:66:               - "watch",
TestTerraformRBACExample 2022-03-31T04:40:20Z logger.go:66:               - "list",
TestTerraformRBACExample 2022-03-31T04:40:20Z logger.go:66:             ] -> null
TestTerraformRBACExample 2022-03-31T04:40:20Z logger.go:66:         }
TestTerraformRBACExample 2022-03-31T04:40:20Z logger.go:66:     }
TestTerraformRBACExample 2022-03-31T04:40:20Z logger.go:66:
TestTerraformRBACExample 2022-03-31T04:40:20Z logger.go:66:   # module.rbac.module.roles["pod-reader"].kubernetes_role_binding_v1.rb[0] will be destroyed
TestTerraformRBACExample 2022-03-31T04:40:20Z logger.go:66:   - resource "kubernetes_role_binding_v1" "rb" {
TestTerraformRBACExample 2022-03-31T04:40:20Z logger.go:66:       - id = "default/read-pods" -> null
TestTerraformRBACExample 2022-03-31T04:40:20Z logger.go:66:
TestTerraformRBACExample 2022-03-31T04:40:20Z logger.go:66:       - metadata {
TestTerraformRBACExample 2022-03-31T04:40:20Z logger.go:66:           - annotations      = {} -> null
TestTerraformRBACExample 2022-03-31T04:40:20Z logger.go:66:           - generation       = 0 -> null
TestTerraformRBACExample 2022-03-31T04:40:20Z logger.go:66:           - labels           = {
TestTerraformRBACExample 2022-03-31T04:40:20Z logger.go:66:               - "app.kubernetes.io/managed-by" = "Terraform"
TestTerraformRBACExample 2022-03-31T04:40:20Z logger.go:66:               - "terraform-example"            = "ex-rbac"
TestTerraformRBACExample 2022-03-31T04:40:20Z logger.go:66:               - "terraform.io/module"          = "terraform-kubernetes-rbac"
TestTerraformRBACExample 2022-03-31T04:40:20Z logger.go:66:             } -> null
TestTerraformRBACExample 2022-03-31T04:40:20Z logger.go:66:           - name             = "read-pods" -> null
TestTerraformRBACExample 2022-03-31T04:40:20Z logger.go:66:           - namespace        = "default" -> null
TestTerraformRBACExample 2022-03-31T04:40:20Z logger.go:66:           - resource_version = "303584" -> null
TestTerraformRBACExample 2022-03-31T04:40:20Z logger.go:66:           - uid              = "203329ab-6dcc-4f70-80e9-44aeed8c5e4b" -> null
TestTerraformRBACExample 2022-03-31T04:40:20Z logger.go:66:         }
TestTerraformRBACExample 2022-03-31T04:40:20Z logger.go:66:
TestTerraformRBACExample 2022-03-31T04:40:20Z logger.go:66:       - role_ref {
TestTerraformRBACExample 2022-03-31T04:40:20Z logger.go:66:           - api_group = "rbac.authorization.k8s.io" -> null
TestTerraformRBACExample 2022-03-31T04:40:20Z logger.go:66:           - kind      = "Role" -> null
TestTerraformRBACExample 2022-03-31T04:40:20Z logger.go:66:           - name      = "pod-reader" -> null
TestTerraformRBACExample 2022-03-31T04:40:20Z logger.go:66:         }
TestTerraformRBACExample 2022-03-31T04:40:20Z logger.go:66:
TestTerraformRBACExample 2022-03-31T04:40:20Z logger.go:66:       - subject {
TestTerraformRBACExample 2022-03-31T04:40:20Z logger.go:66:           - api_group = "rbac.authorization.k8s.io" -> null
TestTerraformRBACExample 2022-03-31T04:40:20Z logger.go:66:           - kind      = "User" -> null
TestTerraformRBACExample 2022-03-31T04:40:20Z logger.go:66:           - name      = "jane" -> null
TestTerraformRBACExample 2022-03-31T04:40:20Z logger.go:66:           - namespace = "default" -> null
TestTerraformRBACExample 2022-03-31T04:40:20Z logger.go:66:         }
TestTerraformRBACExample 2022-03-31T04:40:20Z logger.go:66:     }
TestTerraformRBACExample 2022-03-31T04:40:20Z logger.go:66:
TestTerraformRBACExample 2022-03-31T04:40:20Z logger.go:66:   # module.rbac.module.roles["pod-reader"].kubernetes_role_v1.r[0] will be destroyed
TestTerraformRBACExample 2022-03-31T04:40:20Z logger.go:66:   - resource "kubernetes_role_v1" "r" {
TestTerraformRBACExample 2022-03-31T04:40:20Z logger.go:66:       - id = "default/pod-reader" -> null
TestTerraformRBACExample 2022-03-31T04:40:20Z logger.go:66:
TestTerraformRBACExample 2022-03-31T04:40:20Z logger.go:66:       - metadata {
TestTerraformRBACExample 2022-03-31T04:40:20Z logger.go:66:           - annotations      = {} -> null
TestTerraformRBACExample 2022-03-31T04:40:20Z logger.go:66:           - generation       = 0 -> null
TestTerraformRBACExample 2022-03-31T04:40:20Z logger.go:66:           - labels           = {
TestTerraformRBACExample 2022-03-31T04:40:20Z logger.go:66:               - "app.kubernetes.io/managed-by" = "Terraform"
TestTerraformRBACExample 2022-03-31T04:40:20Z logger.go:66:               - "terraform-example"            = "ex-rbac"
TestTerraformRBACExample 2022-03-31T04:40:20Z logger.go:66:               - "terraform.io/module"          = "terraform-kubernetes-rbac"
TestTerraformRBACExample 2022-03-31T04:40:20Z logger.go:66:             } -> null
TestTerraformRBACExample 2022-03-31T04:40:20Z logger.go:66:           - name             = "pod-reader" -> null
TestTerraformRBACExample 2022-03-31T04:40:20Z logger.go:66:           - namespace        = "default" -> null
TestTerraformRBACExample 2022-03-31T04:40:20Z logger.go:66:           - resource_version = "303578" -> null
TestTerraformRBACExample 2022-03-31T04:40:20Z logger.go:66:           - uid              = "745e2a04-490f-4960-9907-677379a4c90a" -> null
TestTerraformRBACExample 2022-03-31T04:40:20Z logger.go:66:         }
TestTerraformRBACExample 2022-03-31T04:40:20Z logger.go:66:
TestTerraformRBACExample 2022-03-31T04:40:20Z logger.go:66:       - rule {
TestTerraformRBACExample 2022-03-31T04:40:20Z logger.go:66:           - api_groups     = [
TestTerraformRBACExample 2022-03-31T04:40:20Z logger.go:66:               - "",
TestTerraformRBACExample 2022-03-31T04:40:20Z logger.go:66:             ] -> null
TestTerraformRBACExample 2022-03-31T04:40:20Z logger.go:66:           - resource_names = [] -> null
TestTerraformRBACExample 2022-03-31T04:40:20Z logger.go:66:           - resources      = [
TestTerraformRBACExample 2022-03-31T04:40:20Z logger.go:66:               - "pods",
TestTerraformRBACExample 2022-03-31T04:40:20Z logger.go:66:             ] -> null
TestTerraformRBACExample 2022-03-31T04:40:20Z logger.go:66:           - verbs          = [
TestTerraformRBACExample 2022-03-31T04:40:20Z logger.go:66:               - "get",
TestTerraformRBACExample 2022-03-31T04:40:20Z logger.go:66:               - "list",
TestTerraformRBACExample 2022-03-31T04:40:20Z logger.go:66:               - "watch",
TestTerraformRBACExample 2022-03-31T04:40:20Z logger.go:66:             ] -> null
TestTerraformRBACExample 2022-03-31T04:40:20Z logger.go:66:         }
TestTerraformRBACExample 2022-03-31T04:40:20Z logger.go:66:     }
TestTerraformRBACExample 2022-03-31T04:40:20Z logger.go:66:
TestTerraformRBACExample 2022-03-31T04:40:20Z logger.go:66: Plan: 0 to add, 0 to change, 8 to destroy.
TestTerraformRBACExample 2022-03-31T04:40:20Z logger.go:66:
TestTerraformRBACExample 2022-03-31T04:40:20Z logger.go:66: Changes to Outputs:
TestTerraformRBACExample 2022-03-31T04:40:20Z logger.go:66:   - cluster_admin        = {
TestTerraformRBACExample 2022-03-31T04:40:20Z logger.go:66:       - cluster_role_binding_name = "cluster-admin-global"
TestTerraformRBACExample 2022-03-31T04:40:20Z logger.go:66:       - cluster_role_name         = "cluster-admin"
TestTerraformRBACExample 2022-03-31T04:40:20Z logger.go:66:       - role_binding_name         = null
TestTerraformRBACExample 2022-03-31T04:40:20Z logger.go:66:       - role_binding_namespace    = null
TestTerraformRBACExample 2022-03-31T04:40:20Z logger.go:66:       - role_name                 = null
TestTerraformRBACExample 2022-03-31T04:40:20Z logger.go:66:       - role_namespace            = null
TestTerraformRBACExample 2022-03-31T04:40:20Z logger.go:66:     } -> null
TestTerraformRBACExample 2022-03-31T04:40:20Z logger.go:66:   - pod_reader           = {
TestTerraformRBACExample 2022-03-31T04:40:20Z logger.go:66:       - cluster_role_binding_name = null
TestTerraformRBACExample 2022-03-31T04:40:20Z logger.go:66:       - cluster_role_name         = null
TestTerraformRBACExample 2022-03-31T04:40:20Z logger.go:66:       - role_binding_name         = "read-pods"
TestTerraformRBACExample 2022-03-31T04:40:20Z logger.go:66:       - role_binding_namespace    = "default"
TestTerraformRBACExample 2022-03-31T04:40:20Z logger.go:66:       - role_name                 = "pod-reader"
TestTerraformRBACExample 2022-03-31T04:40:20Z logger.go:66:       - role_namespace            = "default"
TestTerraformRBACExample 2022-03-31T04:40:20Z logger.go:66:     } -> null
TestTerraformRBACExample 2022-03-31T04:40:20Z logger.go:66:   - secret_reader        = {
TestTerraformRBACExample 2022-03-31T04:40:20Z logger.go:66:       - cluster_role_binding_name = null
TestTerraformRBACExample 2022-03-31T04:40:20Z logger.go:66:       - cluster_role_name         = "secret-reader"
TestTerraformRBACExample 2022-03-31T04:40:20Z logger.go:66:       - role_binding_name         = "read-secret"
TestTerraformRBACExample 2022-03-31T04:40:20Z logger.go:66:       - role_binding_namespace    = "development"
TestTerraformRBACExample 2022-03-31T04:40:20Z logger.go:66:       - role_name                 = null
TestTerraformRBACExample 2022-03-31T04:40:20Z logger.go:66:       - role_namespace            = null
TestTerraformRBACExample 2022-03-31T04:40:20Z logger.go:66:     } -> null
TestTerraformRBACExample 2022-03-31T04:40:20Z logger.go:66:   - secret_reader_global = {
TestTerraformRBACExample 2022-03-31T04:40:20Z logger.go:66:       - cluster_role_binding_name = "read-secrets-global"
TestTerraformRBACExample 2022-03-31T04:40:20Z logger.go:66:       - cluster_role_name         = "secret-reader-global"
TestTerraformRBACExample 2022-03-31T04:40:20Z logger.go:66:       - role_binding_name         = null
TestTerraformRBACExample 2022-03-31T04:40:20Z logger.go:66:       - role_binding_namespace    = null
TestTerraformRBACExample 2022-03-31T04:40:20Z logger.go:66:       - role_name                 = null
TestTerraformRBACExample 2022-03-31T04:40:20Z logger.go:66:       - role_namespace            = null
TestTerraformRBACExample 2022-03-31T04:40:20Z logger.go:66:     } -> null
TestTerraformRBACExample 2022-03-31T04:40:20Z logger.go:66: module.rbac.module.roles["pod-reader"].kubernetes_role_binding_v1.rb[0]: Destroying... [id=default/read-pods]
TestTerraformRBACExample 2022-03-31T04:40:20Z logger.go:66: module.rbac.module.cluster_roles["secret-reader"].kubernetes_role_binding_v1.rb[0]: Destroying... [id=development/read-secret]
TestTerraformRBACExample 2022-03-31T04:40:20Z logger.go:66: module.rbac.module.cluster_roles["secret-reader-global"].kubernetes_cluster_role_binding_v1.crb[0]: Destroying... [id=read-secrets-global]
TestTerraformRBACExample 2022-03-31T04:40:20Z logger.go:66: module.pre_existing.module.cluster_roles["cluster-admin"].kubernetes_cluster_role_binding_v1.crb[0]: Destroying... [id=cluster-admin-global]
TestTerraformRBACExample 2022-03-31T04:40:20Z logger.go:66: module.pre_existing.module.cluster_roles["cluster-admin"].kubernetes_cluster_role_binding_v1.crb[0]: Destruction complete after 0s
TestTerraformRBACExample 2022-03-31T04:40:21Z logger.go:66: module.rbac.module.cluster_roles["secret-reader"].kubernetes_role_binding_v1.rb[0]: Destruction complete after 0s
TestTerraformRBACExample 2022-03-31T04:40:21Z logger.go:66: module.rbac.module.roles["pod-reader"].kubernetes_role_binding_v1.rb[0]: Destruction complete after 0s
TestTerraformRBACExample 2022-03-31T04:40:21Z logger.go:66: module.rbac.module.cluster_roles["secret-reader-global"].kubernetes_cluster_role_binding_v1.crb[0]: Destruction complete after 0s
TestTerraformRBACExample 2022-03-31T04:40:21Z logger.go:66: module.rbac.module.cluster_roles["secret-reader"].kubernetes_cluster_role_v1.cr[0]: Destroying... [id=secret-reader]
TestTerraformRBACExample 2022-03-31T04:40:21Z logger.go:66: module.rbac.module.cluster_roles["secret-reader-global"].kubernetes_cluster_role_v1.cr[0]: Destroying... [id=secret-reader-global]
TestTerraformRBACExample 2022-03-31T04:40:21Z logger.go:66: module.rbac.module.roles["pod-reader"].kubernetes_role_v1.r[0]: Destroying... [id=default/pod-reader]
TestTerraformRBACExample 2022-03-31T04:40:21Z logger.go:66: module.rbac.module.cluster_roles["secret-reader"].kubernetes_cluster_role_v1.cr[0]: Destruction complete after 0s
TestTerraformRBACExample 2022-03-31T04:40:21Z logger.go:66: module.rbac.module.cluster_roles["secret-reader-global"].kubernetes_cluster_role_v1.cr[0]: Destruction complete after 0s
TestTerraformRBACExample 2022-03-31T04:40:21Z logger.go:66: kubernetes_namespace.development: Destroying... [id=development]
TestTerraformRBACExample 2022-03-31T04:40:21Z logger.go:66: module.rbac.module.roles["pod-reader"].kubernetes_role_v1.r[0]: Destruction complete after 0s
TestTerraformRBACExample 2022-03-31T04:40:27Z logger.go:66: kubernetes_namespace.development: Destruction complete after 6s
TestTerraformRBACExample 2022-03-31T04:40:27Z logger.go:66:
TestTerraformRBACExample 2022-03-31T04:40:27Z logger.go:66: Destroy complete! Resources: 8 destroyed.
--- PASS: TestTerraformRBACExample (30.44s)
PASS
ok  	command-line-arguments	30.473s
